# This file is automatically @generated by Cargo.
# It is not intended for manual editing.
version = 4

[[package]]
name = "slate"
version = "0.1.0"

[[package]]
name = "slate-common"
version = "0.1.0"

[[package]]
name = "slate-ingest"
version = "0.1.0"

[[package]]
name = "slate-rpc"
version = "0.1.0"

[[package]]
name = "slate-store"
version = "0.1.0"
